// !$*UTF8*$!
{
	archiveVersion = 1;
	classes = {
	};
	objectVersion = 46;
	objects = {

/* Begin PBXAggregateTarget section */
		24416B8111C4CA220047AFDD /* Build & Test */ = {
			isa = PBXAggregateTarget;
			buildConfigurationList = 24416B8A11C4CA520047AFDD /* Build configuration list for PBXAggregateTarget "Build & Test" */;
			buildPhases = (
				24416B8011C4CA220047AFDD /* ShellScript */,
			);
			dependencies = (
				24416B8511C4CA280047AFDD /* PBXTargetDependency */,
			);
			name = "Build & Test";
			productName = "Build & test";
		};
/* End PBXAggregateTarget section */

/* Begin PBXBuildFile section */
		24DD6CF91134B3F500162E58 /* TiBluetoothModule.h in Headers */ = {isa = PBXBuildFile; fileRef = 24DD6CF71134B3F500162E58 /* TiBluetoothModule.h */; };
		24DD6CFA1134B3F500162E58 /* TiBluetoothModule.m in Sources */ = {isa = PBXBuildFile; fileRef = 24DD6CF81134B3F500162E58 /* TiBluetoothModule.m */; settings = {COMPILER_FLAGS = "-fobjc-arc"; }; };
		24DE9E1111C5FE74003F90F6 /* TiBluetoothModuleAssets.h in Headers */ = {isa = PBXBuildFile; fileRef = 24DE9E0F11C5FE74003F90F6 /* TiBluetoothModuleAssets.h */; };
		24DE9E1211C5FE74003F90F6 /* TiBluetoothModuleAssets.m in Sources */ = {isa = PBXBuildFile; fileRef = 24DE9E1011C5FE74003F90F6 /* TiBluetoothModuleAssets.m */; settings = {COMPILER_FLAGS = "-fobjc-arc"; }; };
		AA747D9F0F9514B9006C5449 /* TiBluetooth_Prefix.pch in Headers */ = {isa = PBXBuildFile; fileRef = AA747D9E0F9514B9006C5449 /* TiBluetooth_Prefix.pch */; };
		AACBBE4A0F95108600F1A2B1 /* Foundation.framework in Frameworks */ = {isa = PBXBuildFile; fileRef = AACBBE490F95108600F1A2B1 /* Foundation.framework */; };
		DB32140B1E088B8700996E31 /* TiBluetoothCharacteristicProxy.h in Headers */ = {isa = PBXBuildFile; fileRef = DB3214091E088B8700996E31 /* TiBluetoothCharacteristicProxy.h */; };
		DB32140C1E088B8700996E31 /* TiBluetoothCharacteristicProxy.m in Sources */ = {isa = PBXBuildFile; fileRef = DB32140A1E088B8700996E31 /* TiBluetoothCharacteristicProxy.m */; settings = {COMPILER_FLAGS = "-fobjc-arc"; }; };
		DB32140F1E088C1C00996E31 /* TiBluetoothPeripheralProxy.h in Headers */ = {isa = PBXBuildFile; fileRef = DB32140D1E088C1C00996E31 /* TiBluetoothPeripheralProxy.h */; };
		DB3214101E088C1C00996E31 /* TiBluetoothPeripheralProxy.m in Sources */ = {isa = PBXBuildFile; fileRef = DB32140E1E088C1C00996E31 /* TiBluetoothPeripheralProxy.m */; settings = {COMPILER_FLAGS = "-fobjc-arc"; }; };
		DB94F45A1E08943500C3B173 /* TiBluetoothServiceProxy.h in Headers */ = {isa = PBXBuildFile; fileRef = DB94F4581E08943500C3B173 /* TiBluetoothServiceProxy.h */; };
		DB94F45B1E08943500C3B173 /* TiBluetoothServiceProxy.m in Sources */ = {isa = PBXBuildFile; fileRef = DB94F4591E08943500C3B173 /* TiBluetoothServiceProxy.m */; settings = {COMPILER_FLAGS = "-fobjc-arc"; }; };
		DB94F45E1E08944C00C3B173 /* TiBluetoothDescriptorProxy.h in Headers */ = {isa = PBXBuildFile; fileRef = DB94F45C1E08944C00C3B173 /* TiBluetoothDescriptorProxy.h */; };
		DB94F45F1E08944C00C3B173 /* TiBluetoothDescriptorProxy.m in Sources */ = {isa = PBXBuildFile; fileRef = DB94F45D1E08944C00C3B173 /* TiBluetoothDescriptorProxy.m */; settings = {COMPILER_FLAGS = "-fobjc-arc"; }; };
		DB986AA21E2F640A0038A7E3 /* TiBluetoothPeripheralProvider.h in Headers */ = {isa = PBXBuildFile; fileRef = DB986AA01E2F640A0038A7E3 /* TiBluetoothPeripheralProvider.h */; };
		DB986AA31E2F640A0038A7E3 /* TiBluetoothPeripheralProvider.m in Sources */ = {isa = PBXBuildFile; fileRef = DB986AA11E2F640A0038A7E3 /* TiBluetoothPeripheralProvider.m */; };
		DBB57D091E147EC400D78BB6 /* TiBluetoothCentralManagerProxy.h in Headers */ = {isa = PBXBuildFile; fileRef = DBB57D071E147EC400D78BB6 /* TiBluetoothCentralManagerProxy.h */; };
		DBB57D0A1E147EC400D78BB6 /* TiBluetoothCentralManagerProxy.m in Sources */ = {isa = PBXBuildFile; fileRef = DBB57D081E147EC400D78BB6 /* TiBluetoothCentralManagerProxy.m */; settings = {COMPILER_FLAGS = "-fobjc-arc"; }; };
		DBB57D0E1E147EEE00D78BB6 /* TiBluetoothPeripheralManagerProxy.h in Headers */ = {isa = PBXBuildFile; fileRef = DBB57D0C1E147EEE00D78BB6 /* TiBluetoothPeripheralManagerProxy.h */; };
		DBB57D0F1E147EEE00D78BB6 /* TiBluetoothPeripheralManagerProxy.m in Sources */ = {isa = PBXBuildFile; fileRef = DBB57D0D1E147EEE00D78BB6 /* TiBluetoothPeripheralManagerProxy.m */; settings = {COMPILER_FLAGS = "-fobjc-arc"; }; };
		DBB57D131E14841900D78BB6 /* TiBluetoothCentralProxy.h in Headers */ = {isa = PBXBuildFile; fileRef = DBB57D111E14841900D78BB6 /* TiBluetoothCentralProxy.h */; };
		DBB57D141E14841900D78BB6 /* TiBluetoothCentralProxy.m in Sources */ = {isa = PBXBuildFile; fileRef = DBB57D121E14841900D78BB6 /* TiBluetoothCentralProxy.m */; settings = {COMPILER_FLAGS = "-fobjc-arc"; }; };
		DBB57D181E1487EE00D78BB6 /* TiBluetoothRequestProxy.h in Headers */ = {isa = PBXBuildFile; fileRef = DBB57D161E1487EE00D78BB6 /* TiBluetoothRequestProxy.h */; };
		DBB57D191E1487EE00D78BB6 /* TiBluetoothRequestProxy.m in Sources */ = {isa = PBXBuildFile; fileRef = DBB57D171E1487EE00D78BB6 /* TiBluetoothRequestProxy.m */; settings = {COMPILER_FLAGS = "-fobjc-arc"; }; };
		DBC758881E09468D00BBB452 /* CoreBluetooth.framework in Frameworks */ = {isa = PBXBuildFile; fileRef = DBC758871E09468D00BBB452 /* CoreBluetooth.framework */; };
		DBE6DCBA1E1500FD00D6DBCF /* TiBluetoothUtils.h in Headers */ = {isa = PBXBuildFile; fileRef = DBE6DCB81E1500FD00D6DBCF /* TiBluetoothUtils.h */; };
		DBE6DCBB1E1500FD00D6DBCF /* TiBluetoothUtils.m in Sources */ = {isa = PBXBuildFile; fileRef = DBE6DCB91E1500FD00D6DBCF /* TiBluetoothUtils.m */; settings = {COMPILER_FLAGS = "-fobjc-arc"; }; };
/* End PBXBuildFile section */

/* Begin PBXContainerItemProxy section */
		24416B8411C4CA280047AFDD /* PBXContainerItemProxy */ = {
			isa = PBXContainerItemProxy;
			containerPortal = 0867D690FE84028FC02AAC07 /* Project object */;
			proxyType = 1;
			remoteGlobalIDString = D2AAC07D0554694100DB518D;
			remoteInfo = ti.bluetooth;
		};
/* End PBXContainerItemProxy section */

/* Begin PBXFileReference section */
		24DD6CF71134B3F500162E58 /* TiBluetoothModule.h */ = {isa = PBXFileReference; fileEncoding = 4; lastKnownFileType = sourcecode.c.h; name = TiBluetoothModule.h; path = Classes/TiBluetoothModule.h; sourceTree = "<group>"; };
		24DD6CF81134B3F500162E58 /* TiBluetoothModule.m */ = {isa = PBXFileReference; fileEncoding = 4; lastKnownFileType = sourcecode.c.objc; name = TiBluetoothModule.m; path = Classes/TiBluetoothModule.m; sourceTree = "<group>"; };
		24DD6D1B1134B66800162E58 /* titanium.xcconfig */ = {isa = PBXFileReference; fileEncoding = 4; lastKnownFileType = text.xcconfig; path = titanium.xcconfig; sourceTree = "<group>"; };
		24DE9E0F11C5FE74003F90F6 /* TiBluetoothModuleAssets.h */ = {isa = PBXFileReference; fileEncoding = 4; lastKnownFileType = sourcecode.c.h; name = TiBluetoothModuleAssets.h; path = Classes/TiBluetoothModuleAssets.h; sourceTree = "<group>"; };
		24DE9E1011C5FE74003F90F6 /* TiBluetoothModuleAssets.m */ = {isa = PBXFileReference; fileEncoding = 4; lastKnownFileType = sourcecode.c.objc; name = TiBluetoothModuleAssets.m; path = Classes/TiBluetoothModuleAssets.m; sourceTree = "<group>"; };
		AA747D9E0F9514B9006C5449 /* TiBluetooth_Prefix.pch */ = {isa = PBXFileReference; fileEncoding = 4; lastKnownFileType = sourcecode.c.h; path = TiBluetooth_Prefix.pch; sourceTree = SOURCE_ROOT; };
		AACBBE490F95108600F1A2B1 /* Foundation.framework */ = {isa = PBXFileReference; lastKnownFileType = wrapper.framework; name = Foundation.framework; path = System/Library/Frameworks/Foundation.framework; sourceTree = SDKROOT; };
		D2AAC07E0554694100DB518D /* libti.bluetooth.a */ = {isa = PBXFileReference; explicitFileType = archive.ar; includeInIndex = 0; path = libti.bluetooth.a; sourceTree = BUILT_PRODUCTS_DIR; };
		DB3214091E088B8700996E31 /* TiBluetoothCharacteristicProxy.h */ = {isa = PBXFileReference; fileEncoding = 4; lastKnownFileType = sourcecode.c.h; name = TiBluetoothCharacteristicProxy.h; path = Classes/TiBluetoothCharacteristicProxy.h; sourceTree = "<group>"; };
		DB32140A1E088B8700996E31 /* TiBluetoothCharacteristicProxy.m */ = {isa = PBXFileReference; fileEncoding = 4; lastKnownFileType = sourcecode.c.objc; name = TiBluetoothCharacteristicProxy.m; path = Classes/TiBluetoothCharacteristicProxy.m; sourceTree = "<group>"; };
		DB32140D1E088C1C00996E31 /* TiBluetoothPeripheralProxy.h */ = {isa = PBXFileReference; fileEncoding = 4; lastKnownFileType = sourcecode.c.h; name = TiBluetoothPeripheralProxy.h; path = Classes/TiBluetoothPeripheralProxy.h; sourceTree = "<group>"; };
		DB32140E1E088C1C00996E31 /* TiBluetoothPeripheralProxy.m */ = {isa = PBXFileReference; fileEncoding = 4; lastKnownFileType = sourcecode.c.objc; name = TiBluetoothPeripheralProxy.m; path = Classes/TiBluetoothPeripheralProxy.m; sourceTree = "<group>"; };
		DB94F4581E08943500C3B173 /* TiBluetoothServiceProxy.h */ = {isa = PBXFileReference; fileEncoding = 4; lastKnownFileType = sourcecode.c.h; name = TiBluetoothServiceProxy.h; path = Classes/TiBluetoothServiceProxy.h; sourceTree = "<group>"; };
		DB94F4591E08943500C3B173 /* TiBluetoothServiceProxy.m */ = {isa = PBXFileReference; fileEncoding = 4; lastKnownFileType = sourcecode.c.objc; name = TiBluetoothServiceProxy.m; path = Classes/TiBluetoothServiceProxy.m; sourceTree = "<group>"; };
		DB94F45C1E08944C00C3B173 /* TiBluetoothDescriptorProxy.h */ = {isa = PBXFileReference; fileEncoding = 4; lastKnownFileType = sourcecode.c.h; name = TiBluetoothDescriptorProxy.h; path = Classes/TiBluetoothDescriptorProxy.h; sourceTree = "<group>"; };
		DB94F45D1E08944C00C3B173 /* TiBluetoothDescriptorProxy.m */ = {isa = PBXFileReference; fileEncoding = 4; lastKnownFileType = sourcecode.c.objc; name = TiBluetoothDescriptorProxy.m; path = Classes/TiBluetoothDescriptorProxy.m; sourceTree = "<group>"; };
		DB986AA01E2F640A0038A7E3 /* TiBluetoothPeripheralProvider.h */ = {isa = PBXFileReference; fileEncoding = 4; lastKnownFileType = sourcecode.c.h; name = TiBluetoothPeripheralProvider.h; path = Classes/TiBluetoothPeripheralProvider.h; sourceTree = "<group>"; };
		DB986AA11E2F640A0038A7E3 /* TiBluetoothPeripheralProvider.m */ = {isa = PBXFileReference; fileEncoding = 4; lastKnownFileType = sourcecode.c.objc; name = TiBluetoothPeripheralProvider.m; path = Classes/TiBluetoothPeripheralProvider.m; sourceTree = "<group>"; };
		DBB57D071E147EC400D78BB6 /* TiBluetoothCentralManagerProxy.h */ = {isa = PBXFileReference; fileEncoding = 4; lastKnownFileType = sourcecode.c.h; name = TiBluetoothCentralManagerProxy.h; path = Classes/TiBluetoothCentralManagerProxy.h; sourceTree = "<group>"; };
		DBB57D081E147EC400D78BB6 /* TiBluetoothCentralManagerProxy.m */ = {isa = PBXFileReference; fileEncoding = 4; lastKnownFileType = sourcecode.c.objc; name = TiBluetoothCentralManagerProxy.m; path = Classes/TiBluetoothCentralManagerProxy.m; sourceTree = "<group>"; };
		DBB57D0C1E147EEE00D78BB6 /* TiBluetoothPeripheralManagerProxy.h */ = {isa = PBXFileReference; fileEncoding = 4; lastKnownFileType = sourcecode.c.h; name = TiBluetoothPeripheralManagerProxy.h; path = Classes/TiBluetoothPeripheralManagerProxy.h; sourceTree = "<group>"; };
		DBB57D0D1E147EEE00D78BB6 /* TiBluetoothPeripheralManagerProxy.m */ = {isa = PBXFileReference; fileEncoding = 4; lastKnownFileType = sourcecode.c.objc; name = TiBluetoothPeripheralManagerProxy.m; path = Classes/TiBluetoothPeripheralManagerProxy.m; sourceTree = "<group>"; };
		DBB57D111E14841900D78BB6 /* TiBluetoothCentralProxy.h */ = {isa = PBXFileReference; fileEncoding = 4; lastKnownFileType = sourcecode.c.h; name = TiBluetoothCentralProxy.h; path = Classes/TiBluetoothCentralProxy.h; sourceTree = "<group>"; };
		DBB57D121E14841900D78BB6 /* TiBluetoothCentralProxy.m */ = {isa = PBXFileReference; fileEncoding = 4; lastKnownFileType = sourcecode.c.objc; name = TiBluetoothCentralProxy.m; path = Classes/TiBluetoothCentralProxy.m; sourceTree = "<group>"; };
		DBB57D161E1487EE00D78BB6 /* TiBluetoothRequestProxy.h */ = {isa = PBXFileReference; fileEncoding = 4; lastKnownFileType = sourcecode.c.h; name = TiBluetoothRequestProxy.h; path = Classes/TiBluetoothRequestProxy.h; sourceTree = "<group>"; };
		DBB57D171E1487EE00D78BB6 /* TiBluetoothRequestProxy.m */ = {isa = PBXFileReference; fileEncoding = 4; lastKnownFileType = sourcecode.c.objc; name = TiBluetoothRequestProxy.m; path = Classes/TiBluetoothRequestProxy.m; sourceTree = "<group>"; };
		DBC758871E09468D00BBB452 /* CoreBluetooth.framework */ = {isa = PBXFileReference; lastKnownFileType = wrapper.framework; name = CoreBluetooth.framework; path = System/Library/Frameworks/CoreBluetooth.framework; sourceTree = SDKROOT; };
		DBE6DCB81E1500FD00D6DBCF /* TiBluetoothUtils.h */ = {isa = PBXFileReference; fileEncoding = 4; lastKnownFileType = sourcecode.c.h; name = TiBluetoothUtils.h; path = Classes/TiBluetoothUtils.h; sourceTree = "<group>"; };
		DBE6DCB91E1500FD00D6DBCF /* TiBluetoothUtils.m */ = {isa = PBXFileReference; fileEncoding = 4; lastKnownFileType = sourcecode.c.objc; name = TiBluetoothUtils.m; path = Classes/TiBluetoothUtils.m; sourceTree = "<group>"; };
/* End PBXFileReference section */

/* Begin PBXFrameworksBuildPhase section */
		D2AAC07C0554694100DB518D /* Frameworks */ = {
			isa = PBXFrameworksBuildPhase;
			buildActionMask = 2147483647;
			files = (
				DBC758881E09468D00BBB452 /* CoreBluetooth.framework in Frameworks */,
				AACBBE4A0F95108600F1A2B1 /* Foundation.framework in Frameworks */,
			);
			runOnlyForDeploymentPostprocessing = 0;
		};
/* End PBXFrameworksBuildPhase section */

/* Begin PBXGroup section */
		034768DFFF38A50411DB9C8B /* Products */ = {
			isa = PBXGroup;
			children = (
				D2AAC07E0554694100DB518D /* libti.bluetooth.a */,
			);
			name = Products;
			sourceTree = "<group>";
		};
		0867D691FE84028FC02AAC07 /* ti.bluetooth */ = {
			isa = PBXGroup;
			children = (
				08FB77AEFE84172EC02AAC07 /* Classes */,
				32C88DFF0371C24200C91783 /* Other Sources */,
				0867D69AFE84028FC02AAC07 /* Frameworks */,
				034768DFFF38A50411DB9C8B /* Products */,
			);
			name = ti.bluetooth;
			sourceTree = "<group>";
		};
		0867D69AFE84028FC02AAC07 /* Frameworks */ = {
			isa = PBXGroup;
			children = (
				DBC758871E09468D00BBB452 /* CoreBluetooth.framework */,
				AACBBE490F95108600F1A2B1 /* Foundation.framework */,
			);
			name = Frameworks;
			sourceTree = "<group>";
		};
		08FB77AEFE84172EC02AAC07 /* Classes */ = {
			isa = PBXGroup;
			children = (
				24DE9E0F11C5FE74003F90F6 /* TiBluetoothModuleAssets.h */,
				24DE9E1011C5FE74003F90F6 /* TiBluetoothModuleAssets.m */,
				24DD6CF71134B3F500162E58 /* TiBluetoothModule.h */,
				24DD6CF81134B3F500162E58 /* TiBluetoothModule.m */,
				DBE6DCB71E14F57700D6DBCF /* Utils */,
				DB4955C61E0896C700A1C8A6 /* Characteristic */,
				DB4955C51E0896BF00A1C8A6 /* Peripheral */,
				DB4955C41E0896BA00A1C8A6 /* Descriptor */,
				DB4955C31E0896B400A1C8A6 /* Service */,
				DBB57D151E14842300D78BB6 /* Central */,
				DBB57D0B1E147EC900D78BB6 /* Central Manager */,
				DBB57D101E147EF300D78BB6 /* Peripheral Manager */,
				DBB57D1A1E1487F500D78BB6 /* Request */,
			);
			name = Classes;
			sourceTree = "<group>";
		};
		32C88DFF0371C24200C91783 /* Other Sources */ = {
			isa = PBXGroup;
			children = (
				AA747D9E0F9514B9006C5449 /* TiBluetooth_Prefix.pch */,
				24DD6D1B1134B66800162E58 /* titanium.xcconfig */,
			);
			name = "Other Sources";
			sourceTree = "<group>";
		};
		DB4955C31E0896B400A1C8A6 /* Service */ = {
			isa = PBXGroup;
			children = (
				DB94F4581E08943500C3B173 /* TiBluetoothServiceProxy.h */,
				DB94F4591E08943500C3B173 /* TiBluetoothServiceProxy.m */,
			);
			name = Service;
			sourceTree = "<group>";
		};
		DB4955C41E0896BA00A1C8A6 /* Descriptor */ = {
			isa = PBXGroup;
			children = (
				DB94F45C1E08944C00C3B173 /* TiBluetoothDescriptorProxy.h */,
				DB94F45D1E08944C00C3B173 /* TiBluetoothDescriptorProxy.m */,
			);
			name = Descriptor;
			sourceTree = "<group>";
		};
		DB4955C51E0896BF00A1C8A6 /* Peripheral */ = {
			isa = PBXGroup;
			children = (
				DB32140D1E088C1C00996E31 /* TiBluetoothPeripheralProxy.h */,
				DB32140E1E088C1C00996E31 /* TiBluetoothPeripheralProxy.m */,
			);
			name = Peripheral;
			sourceTree = "<group>";
		};
		DB4955C61E0896C700A1C8A6 /* Characteristic */ = {
			isa = PBXGroup;
			children = (
				DB3214091E088B8700996E31 /* TiBluetoothCharacteristicProxy.h */,
				DB32140A1E088B8700996E31 /* TiBluetoothCharacteristicProxy.m */,
			);
			name = Characteristic;
			sourceTree = "<group>";
		};
		DBB57D0B1E147EC900D78BB6 /* Central Manager */ = {
			isa = PBXGroup;
			children = (
				DBB57D071E147EC400D78BB6 /* TiBluetoothCentralManagerProxy.h */,
				DBB57D081E147EC400D78BB6 /* TiBluetoothCentralManagerProxy.m */,
			);
			name = "Central Manager";
			sourceTree = "<group>";
		};
		DBB57D101E147EF300D78BB6 /* Peripheral Manager */ = {
			isa = PBXGroup;
			children = (
				DBB57D0C1E147EEE00D78BB6 /* TiBluetoothPeripheralManagerProxy.h */,
				DBB57D0D1E147EEE00D78BB6 /* TiBluetoothPeripheralManagerProxy.m */,
			);
			name = "Peripheral Manager";
			sourceTree = "<group>";
		};
		DBB57D151E14842300D78BB6 /* Central */ = {
			isa = PBXGroup;
			children = (
				DBB57D111E14841900D78BB6 /* TiBluetoothCentralProxy.h */,
				DBB57D121E14841900D78BB6 /* TiBluetoothCentralProxy.m */,
			);
			name = Central;
			sourceTree = "<group>";
		};
		DBB57D1A1E1487F500D78BB6 /* Request */ = {
			isa = PBXGroup;
			children = (
				DBB57D161E1487EE00D78BB6 /* TiBluetoothRequestProxy.h */,
				DBB57D171E1487EE00D78BB6 /* TiBluetoothRequestProxy.m */,
			);
			name = Request;
			sourceTree = "<group>";
		};
		DBE6DCB71E14F57700D6DBCF /* Utils */ = {
			isa = PBXGroup;
			children = (
				DBE6DCB81E1500FD00D6DBCF /* TiBluetoothUtils.h */,
				DBE6DCB91E1500FD00D6DBCF /* TiBluetoothUtils.m */,
				DB986AA01E2F640A0038A7E3 /* TiBluetoothPeripheralProvider.h */,
				DB986AA11E2F640A0038A7E3 /* TiBluetoothPeripheralProvider.m */,
			);
			name = Utils;
			sourceTree = "<group>";
		};
/* End PBXGroup section */

/* Begin PBXHeadersBuildPhase section */
		D2AAC07A0554694100DB518D /* Headers */ = {
			isa = PBXHeadersBuildPhase;
			buildActionMask = 2147483647;
			files = (
				DB32140B1E088B8700996E31 /* TiBluetoothCharacteristicProxy.h in Headers */,
				DBB57D181E1487EE00D78BB6 /* TiBluetoothRequestProxy.h in Headers */,
				AA747D9F0F9514B9006C5449 /* TiBluetooth_Prefix.pch in Headers */,
				DB32140F1E088C1C00996E31 /* TiBluetoothPeripheralProxy.h in Headers */,
				24DD6CF91134B3F500162E58 /* TiBluetoothModule.h in Headers */,
				DBB57D091E147EC400D78BB6 /* TiBluetoothCentralManagerProxy.h in Headers */,
				24DE9E1111C5FE74003F90F6 /* TiBluetoothModuleAssets.h in Headers */,
				DBB57D0E1E147EEE00D78BB6 /* TiBluetoothPeripheralManagerProxy.h in Headers */,
				DBE6DCBA1E1500FD00D6DBCF /* TiBluetoothUtils.h in Headers */,
				DB94F45A1E08943500C3B173 /* TiBluetoothServiceProxy.h in Headers */,
				DBB57D131E14841900D78BB6 /* TiBluetoothCentralProxy.h in Headers */,
				DB986AA21E2F640A0038A7E3 /* TiBluetoothPeripheralProvider.h in Headers */,
				DB94F45E1E08944C00C3B173 /* TiBluetoothDescriptorProxy.h in Headers */,
			);
			runOnlyForDeploymentPostprocessing = 0;
		};
/* End PBXHeadersBuildPhase section */

/* Begin PBXNativeTarget section */
		D2AAC07D0554694100DB518D /* ti.bluetooth */ = {
			isa = PBXNativeTarget;
			buildConfigurationList = 1DEB921E08733DC00010E9CD /* Build configuration list for PBXNativeTarget "ti.bluetooth" */;
			buildPhases = (
				D2AAC07A0554694100DB518D /* Headers */,
				D2AAC07B0554694100DB518D /* Sources */,
				D2AAC07C0554694100DB518D /* Frameworks */,
			);
			buildRules = (
			);
			dependencies = (
			);
			name = ti.bluetooth;
			productName = ti.bluetooth;
			productReference = D2AAC07E0554694100DB518D /* libti.bluetooth.a */;
			productType = "com.apple.product-type.library.static";
		};
/* End PBXNativeTarget section */

/* Begin PBXProject section */
		0867D690FE84028FC02AAC07 /* Project object */ = {
			isa = PBXProject;
			attributes = {
				LastUpgradeCheck = 0600;
			};
			buildConfigurationList = 1DEB922208733DC00010E9CD /* Build configuration list for PBXProject "ti.bluetooth" */;
			compatibilityVersion = "Xcode 3.2";
			developmentRegion = English;
			hasScannedForEncodings = 1;
			knownRegions = (
				English,
				Japanese,
				French,
				German,
			);
			mainGroup = 0867D691FE84028FC02AAC07 /* ti.bluetooth */;
			productRefGroup = 034768DFFF38A50411DB9C8B /* Products */;
			projectDirPath = "";
			projectRoot = "";
			targets = (
				D2AAC07D0554694100DB518D /* ti.bluetooth */,
				24416B8111C4CA220047AFDD /* Build & Test */,
			);
		};
/* End PBXProject section */

/* Begin PBXShellScriptBuildPhase section */
		24416B8011C4CA220047AFDD /* ShellScript */ = {
			isa = PBXShellScriptBuildPhase;
			buildActionMask = 2147483647;
			files = (
			);
			inputPaths = (
			);
			outputPaths = (
			);
			runOnlyForDeploymentPostprocessing = 0;
			shellPath = /bin/sh;
			shellScript = "# shell script goes here\n\npython \"${TITANIUM_SDK}/titanium.py\" run --dir=\"${PROJECT_DIR}\"\nexit $?\n";
		};
/* End PBXShellScriptBuildPhase section */

/* Begin PBXSourcesBuildPhase section */
		D2AAC07B0554694100DB518D /* Sources */ = {
			isa = PBXSourcesBuildPhase;
			buildActionMask = 2147483647;
			files = (
				DBB57D141E14841900D78BB6 /* TiBluetoothCentralProxy.m in Sources */,
				DBB57D0A1E147EC400D78BB6 /* TiBluetoothCentralManagerProxy.m in Sources */,
				DB3214101E088C1C00996E31 /* TiBluetoothPeripheralProxy.m in Sources */,
				24DD6CFA1134B3F500162E58 /* TiBluetoothModule.m in Sources */,
				DB94F45B1E08943500C3B173 /* TiBluetoothServiceProxy.m in Sources */,
				DB94F45F1E08944C00C3B173 /* TiBluetoothDescriptorProxy.m in Sources */,
				DB986AA31E2F640A0038A7E3 /* TiBluetoothPeripheralProvider.m in Sources */,
				DBB57D0F1E147EEE00D78BB6 /* TiBluetoothPeripheralManagerProxy.m in Sources */,
				DB32140C1E088B8700996E31 /* TiBluetoothCharacteristicProxy.m in Sources */,
				DBB57D191E1487EE00D78BB6 /* TiBluetoothRequestProxy.m in Sources */,
				24DE9E1211C5FE74003F90F6 /* TiBluetoothModuleAssets.m in Sources */,
				DBE6DCBB1E1500FD00D6DBCF /* TiBluetoothUtils.m in Sources */,
			);
			runOnlyForDeploymentPostprocessing = 0;
		};
/* End PBXSourcesBuildPhase section */

/* Begin PBXTargetDependency section */
		24416B8511C4CA280047AFDD /* PBXTargetDependency */ = {
			isa = PBXTargetDependency;
			target = D2AAC07D0554694100DB518D /* ti.bluetooth */;
			targetProxy = 24416B8411C4CA280047AFDD /* PBXContainerItemProxy */;
		};
/* End PBXTargetDependency section */

/* Begin XCBuildConfiguration section */
		1DEB921F08733DC00010E9CD /* Debug */ = {
			isa = XCBuildConfiguration;
			baseConfigurationReference = 24DD6D1B1134B66800162E58 /* titanium.xcconfig */;
			buildSettings = {
				CODE_SIGN_IDENTITY = "iPhone Developer";
				"CODE_SIGN_IDENTITY[sdk=iphoneos*]" = "iPhone Developer";
				DSTROOT = /tmp/TiBluetooth.dst;
				GCC_C_LANGUAGE_STANDARD = c99;
				GCC_OPTIMIZATION_LEVEL = 0;
				GCC_PRECOMPILE_PREFIX_HEADER = YES;
				GCC_PREFIX_HEADER = TiBluetooth_Prefix.pch;
				GCC_PREPROCESSOR_DEFINITIONS = "TI_VERSION=$(TI_VERSION)";
				GCC_TREAT_WARNINGS_AS_ERRORS = NO;
				GCC_VERSION = "";
				GCC_WARN_ABOUT_RETURN_TYPE = NO;
				GCC_WARN_MISSING_PARENTHESES = NO;
				GCC_WARN_SHADOW = NO;
				GCC_WARN_STRICT_SELECTOR_MATCH = NO;
				GCC_WARN_UNUSED_FUNCTION = YES;
				GCC_WARN_UNUSED_PARAMETER = NO;
				GCC_WARN_UNUSED_VALUE = NO;
				GCC_WARN_UNUSED_VARIABLE = NO;
				INSTALL_PATH = /usr/local/lib;
				IPHONEOS_DEPLOYMENT_TARGET = 6.0;
				LIBRARY_SEARCH_PATHS = "";
				OTHER_CFLAGS = (
					"-DDEBUG",
					"-DTI_POST_1_2",
				);
				OTHER_LDFLAGS = "-ObjC";
				PRODUCT_NAME = ti.bluetooth;
				PROVISIONING_PROFILE = "";
				"PROVISIONING_PROFILE[sdk=iphoneos*]" = "";
				RUN_CLANG_STATIC_ANALYZER = NO;
				SDKROOT = iphoneos;
				USER_HEADER_SEARCH_PATHS = "";
			};
			name = Debug;
		};
		1DEB922008733DC00010E9CD /* Release */ = {
			isa = XCBuildConfiguration;
			baseConfigurationReference = 24DD6D1B1134B66800162E58 /* titanium.xcconfig */;
			buildSettings = {
				ALWAYS_SEARCH_USER_PATHS = NO;
				DSTROOT = /tmp/TiBluetooth.dst;
				GCC_C_LANGUAGE_STANDARD = c99;
				GCC_MODEL_TUNING = G5;
				GCC_PRECOMPILE_PREFIX_HEADER = YES;
				GCC_PREFIX_HEADER = TiBluetooth_Prefix.pch;
				GCC_PREPROCESSOR_DEFINITIONS = "TI_VERSION=$(TI_VERSION)";
				GCC_TREAT_WARNINGS_AS_ERRORS = NO;
				GCC_VERSION = "";
				GCC_WARN_ABOUT_RETURN_TYPE = NO;
				GCC_WARN_MISSING_PARENTHESES = NO;
				GCC_WARN_SHADOW = NO;
				GCC_WARN_STRICT_SELECTOR_MATCH = NO;
				GCC_WARN_UNUSED_FUNCTION = YES;
				GCC_WARN_UNUSED_PARAMETER = NO;
				GCC_WARN_UNUSED_VALUE = NO;
				GCC_WARN_UNUSED_VARIABLE = NO;
				INSTALL_PATH = /usr/local/lib;
				IPHONEOS_DEPLOYMENT_TARGET = 6.0;
				LIBRARY_SEARCH_PATHS = "";
				OTHER_CFLAGS = "-DTI_POST_1_2";
				OTHER_LDFLAGS = "-ObjC";
				PRODUCT_NAME = ti.bluetooth;
				RUN_CLANG_STATIC_ANALYZER = NO;
				SDKROOT = iphoneos;
				USER_HEADER_SEARCH_PATHS = "";
			};
			name = Release;
		};
		1DEB922308733DC00010E9CD /* Debug */ = {
			isa = XCBuildConfiguration;
			baseConfigurationReference = 24DD6D1B1134B66800162E58 /* titanium.xcconfig */;
			buildSettings = {
				CLANG_CXX_LIBRARY = "libstdc++";
				CODE_SIGN_IDENTITY = "iPhone Developer";
				"CODE_SIGN_IDENTITY[sdk=iphoneos*]" = "iPhone Developer";
				DSTROOT = /tmp/TiBluetooth.dst;
				GCC_C_LANGUAGE_STANDARD = c99;
				GCC_OPTIMIZATION_LEVEL = 0;
				GCC_PRECOMPILE_PREFIX_HEADER = YES;
				GCC_PREFIX_HEADER = TiBluetooth_Prefix.pch;
				GCC_PREPROCESSOR_DEFINITIONS = "TI_VERSION=$(TI_VERSION)";
				GCC_TREAT_WARNINGS_AS_ERRORS = NO;
				GCC_VERSION = "";
				GCC_WARN_ABOUT_RETURN_TYPE = NO;
				GCC_WARN_MISSING_PARENTHESES = NO;
				GCC_WARN_SHADOW = NO;
				GCC_WARN_STRICT_SELECTOR_MATCH = NO;
				GCC_WARN_UNUSED_FUNCTION = YES;
				GCC_WARN_UNUSED_PARAMETER = NO;
				GCC_WARN_UNUSED_VALUE = NO;
				GCC_WARN_UNUSED_VARIABLE = NO;
				INSTALL_PATH = /usr/local/lib;
				ONLY_ACTIVE_ARCH = YES;
				OTHER_CFLAGS = (
					"-DDEBUG",
					"-DTI_POST_1_2",
				);
				OTHER_LDFLAGS = "-ObjC";
				PRODUCT_NAME = ti.bluetooth;
				PROVISIONING_PROFILE = "";
				"PROVISIONING_PROFILE[sdk=iphoneos*]" = "";
				RUN_CLANG_STATIC_ANALYZER = NO;
				SDKROOT = iphoneos;
				USER_HEADER_SEARCH_PATHS = "";
			};
			name = Debug;
		};
		1DEB922408733DC00010E9CD /* Release */ = {
			isa = XCBuildConfiguration;
			baseConfigurationReference = 24DD6D1B1134B66800162E58 /* titanium.xcconfig */;
			buildSettings = {
				ALWAYS_SEARCH_USER_PATHS = NO;
				CLANG_CXX_LIBRARY = "libstdc++";
				DSTROOT = /tmp/TiBluetooth.dst;
				GCC_C_LANGUAGE_STANDARD = c99;
				GCC_MODEL_TUNING = G5;
				GCC_PRECOMPILE_PREFIX_HEADER = YES;
				GCC_PREFIX_HEADER = TiBluetooth_Prefix.pch;
				GCC_PREPROCESSOR_DEFINITIONS = "TI_VERSION=$(TI_VERSION)";
				GCC_TREAT_WARNINGS_AS_ERRORS = NO;
				GCC_VERSION = "";
				GCC_WARN_ABOUT_RETURN_TYPE = NO;
				GCC_WARN_MISSING_PARENTHESES = NO;
				GCC_WARN_SHADOW = NO;
				GCC_WARN_STRICT_SELECTOR_MATCH = NO;
				GCC_WARN_UNUSED_FUNCTION = YES;
				GCC_WARN_UNUSED_PARAMETER = NO;
				GCC_WARN_UNUSED_VALUE = NO;
				GCC_WARN_UNUSED_VARIABLE = NO;
				INSTALL_PATH = /usr/local/lib;
				IPHONEOS_DEPLOYMENT_TARGET = 6.0;
				OTHER_CFLAGS = "-DTI_POST_1_2";
				OTHER_LDFLAGS = "-ObjC";
				PRODUCT_NAME = ti.bluetooth;
				RUN_CLANG_STATIC_ANALYZER = NO;
				SDKROOT = iphoneos;
				USER_HEADER_SEARCH_PATHS = "";
			};
			name = Release;
		};
		24416B8211C4CA220047AFDD /* Debug */ = {
			isa = XCBuildConfiguration;
			baseConfigurationReference = 24DD6D1B1134B66800162E58 /* titanium.xcconfig */;
			buildSettings = {
				COPY_PHASE_STRIP = NO;
				GCC_DYNAMIC_NO_PIC = NO;
				GCC_OPTIMIZATION_LEVEL = 0;
				PRODUCT_NAME = "Build & test";
			};
			name = Debug;
		};
		24416B8311C4CA220047AFDD /* Release */ = {
			isa = XCBuildConfiguration;
			baseConfigurationReference = 24DD6D1B1134B66800162E58 /* titanium.xcconfig */;
			buildSettings = {
				COPY_PHASE_STRIP = YES;
				DEBUG_INFORMATION_FORMAT = "dwarf-with-dsym";
				GCC_ENABLE_FIX_AND_CONTINUE = NO;
				PRODUCT_NAME = "Build & test";
				ZERO_LINK = NO;
			};
			name = Release;
		};
/* End XCBuildConfiguration section */

/* Begin XCConfigurationList section */
		1DEB921E08733DC00010E9CD /* Build configuration list for PBXNativeTarget "ti.bluetooth" */ = {
			isa = XCConfigurationList;
			buildConfigurations = (
				1DEB921F08733DC00010E9CD /* Debug */,
				1DEB922008733DC00010E9CD /* Release */,
			);
			defaultConfigurationIsVisible = 0;
			defaultConfigurationName = Release;
		};
		1DEB922208733DC00010E9CD /* Build configuration list for PBXProject "ti.bluetooth" */ = {
			isa = XCConfigurationList;
			buildConfigurations = (
				1DEB922308733DC00010E9CD /* Debug */,
				1DEB922408733DC00010E9CD /* Release */,
			);
			defaultConfigurationIsVisible = 0;
			defaultConfigurationName = Release;
		};
		24416B8A11C4CA520047AFDD /* Build configuration list for PBXAggregateTarget "Build & Test" */ = {
			isa = XCConfigurationList;
			buildConfigurations = (
				24416B8211C4CA220047AFDD /* Debug */,
				24416B8311C4CA220047AFDD /* Release */,
			);
			defaultConfigurationIsVisible = 0;
			defaultConfigurationName = Release;
		};
/* End XCConfigurationList section */
	};
	rootObject = 0867D690FE84028FC02AAC07 /* Project object */;
}
